
Microsoft Visual Studio Solution File, Format Version 12.00
# Visual Studio Version 16
VisualStudioVersion = 16.0.31313.79
MinimumVisualStudioVersion = 10.0.40219.1
Project("{9A19103F-16F7-4668-BE54-9A1E7A4F7556}") = "BingImageExtractor", "BingImageExtractor\BingImageExtractor.csproj", "{25D04B40-6862-4D29-B7CB-E15D316BE1D3}"
EndProject
Project("{2150E333-8FDC-42A3-9474-1A3956D46DE8}") = "Demo", "Demo", "{F02DD24C-428F-4F6E-AE79-30013F0A06D5}"
EndProject
Project("{FAE04EC0-301F-11D3-BF4B-00C04F79EFBC}") = "ConsoleAppBingImageExtractor", "Demo\ConsoleAppBingImageExtractor\ConsoleAppBingImageExtractor.csproj", "{2F73C7FE-311C-4407-93B3-A43265CC3C9B}"
EndProject
Global
	GlobalSection(SolutionConfigurationPlatforms) = preSolution
		Debug|Any CPU = Debug|Any CPU
		Release|Any CPU = Release|Any CPU
	EndGlobalSection
	GlobalSection(ProjectConfigurationPlatforms) = postSolution
		{25D04B40-6862-4D29-B7CB-E15D316BE1D3}.Debug|Any CPU.ActiveCfg = Debug|Any CPU
		{25D04B40-6862-4D29-B7CB-E15D316BE1D3}.Debug|Any CPU.Build.0 = Debug|Any CPU
		{25D04B40-6862-4D29-B7CB-E15D316BE1D3}.Release|Any CPU.ActiveCfg = Release|Any CPU
		{25D04B40-6862-4D29-B7CB-E15D316BE1D3}.Release|Any CPU.Build.0 = Release|Any CPU
		{2F73C7FE-311C-4407-93B3-A43265CC3C9B}.Debug|Any CPU.ActiveCfg = Debug|Any CPU
		{2F73C7FE-311C-4407-93B3-A43265CC3C9B}.Debug|Any CPU.Build.0 = Debug|Any CPU
		{2F73C7FE-311C-4407-93B3-A43265CC3C9B}.Release|Any CPU.ActiveCfg = Release|Any CPU
		{2F73C7FE-311C-4407-93B3-A43265CC3C9B}.Release|Any CPU.Build.0 = Release|Any CPU
	EndGlobalSection
	GlobalSection(SolutionProperties) = preSolution
		HideSolutionNode = FALSE
	EndGlobalSection
	GlobalSection(NestedProjects) = preSolution
		{2F73C7FE-311C-4407-93B3-A43265CC3C9B} = {F02DD24C-428F-4F6E-AE79-30013F0A06D5}
	EndGlobalSection
	GlobalSection(ExtensibilityGlobals) = postSolution
		SolutionGuid = {951677DB-D57D-4432-9062-347B82DF89A1}
	EndGlobalSection
EndGlobal
